PODS:
  - HockeySDK-Mac (4.1.2)
  - LetsMove (1.22)
  - Sparkle (1.15.1)

DEPENDENCIES:
  - HockeySDK-Mac
  - LetsMove
  - Sparkle

SPEC REPOS:
  trunk:
    - HockeySDK-Mac
    - LetsMove
    - Sparkle

SPEC CHECKSUMS:
  HockeySDK-Mac: 476d6a9bbc741d30109348bb30db8697a55eb15f
  LetsMove: 407d4d14815e6dc1549b6a9fe8e4b0f6aed3e305
  Sparkle: 618fd2d2867fa06a5572a8c4a4c6a721f04da2d2

PODFILE CHECKSUM: 2754732996bdf3f325d8c2959fb8b9852745086e

COCOAPODS: 1.16.2
